
Microsoft Visual Studio Solution File, Format Version 12.00
# Visual Studio 15
Project("{FAE04EC0-301F-11D3-BF4B-00C04F79EFBC}") = "UnityEngine.UI", "UnityEngine.UI.csproj", "{7C902462-9E4E-7533-B6D8-A31566990142}"
EndProject
Project("{FAE04EC0-301F-11D3-BF4B-00C04F79EFBC}") = "UnityEngine.SpatialTracking", "UnityEngine.SpatialTracking.csproj", "{7D8DE0BD-D828-DE21-3881-044E97BE53CB}"
EndProject
Project("{FAE04EC0-301F-11D3-BF4B-00C04F79EFBC}") = "Unity.Services.Core.Internal", "Unity.Services.Core.Internal.csproj", "{8A6D71EA-7AEA-3AB8-DA33-23B903DA3547}"
EndProject
Project("{FAE04EC0-301F-11D3-BF4B-00C04F79EFBC}") = "Unity.Services.Core.Telemetry", "Unity.Services.Core.Telemetry.csproj", "{BC94EC92-7E34-5EE6-FB05-A6C5366F72B1}"
EndProject
Project("{FAE04EC0-301F-11D3-BF4B-00C04F79EFBC}") = "UnityEngine.TestRunner", "UnityEngine.TestRunner.csproj", "{4FEC398E-21B3-D32C-2EF5-2D4DF8B0F7BF}"
EndProject
Project("{FAE04EC0-301F-11D3-BF4B-00C04F79EFBC}") = "UnityEngine.Purchasing.Stores", "UnityEngine.Purchasing.Stores.csproj", "{033EA25C-0C45-4A45-190C-BCF29D2E622D}"
EndProject
Project("{FAE04EC0-301F-11D3-BF4B-00C04F79EFBC}") = "UnityEngine.XR.LegacyInputHelpers", "UnityEngine.XR.LegacyInputHelpers.csproj", "{71E0B67C-83E4-E194-314A-CA4E08382281}"
EndProject
Project("{FAE04EC0-301F-11D3-BF4B-00C04F79EFBC}") = "Unity.Timeline", "Unity.Timeline.csproj", "{FF102D46-02BD-8214-D408-DF21509BBF5B}"
EndProject
Project("{FAE04EC0-301F-11D3-BF4B-00C04F79EFBC}") = "UnityEngine.Purchasing.WinRTCore", "UnityEngine.Purchasing.WinRTCore.csproj", "{3830ABD3-1B8E-E9D6-8C06-11879AE2BEBE}"
EndProject
Project("{FAE04EC0-301F-11D3-BF4B-00C04F79EFBC}") = "IFramework", "IFramework.csproj", "{1E2BC948-76D1-EB32-D16B-A5EF8243F6BF}"
EndProject
Project("{FAE04EC0-301F-11D3-BF4B-00C04F79EFBC}") = "UnityEngine.Purchasing.SecurityCore", "UnityEngine.Purchasing.SecurityCore.csproj", "{250CCFAF-EDFB-0F3D-B4EE-43A78D2EBC43}"
EndProject
Project("{FAE04EC0-301F-11D3-BF4B-00C04F79EFBC}") = "Unity.TextMeshPro", "Unity.TextMeshPro.csproj", "{AFEEA170-67F9-9346-FE7A-981A208926A0}"
EndProject
Project("{FAE04EC0-301F-11D3-BF4B-00C04F79EFBC}") = "UnityEngine.Purchasing", "UnityEngine.Purchasing.csproj", "{EEF84817-6897-7F19-291A-792B4299154D}"
EndProject
Project("{FAE04EC0-301F-11D3-BF4B-00C04F79EFBC}") = "UnityEngine.Purchasing.AppleCore", "UnityEngine.Purchasing.AppleCore.csproj", "{41B2295E-8347-5D33-6253-759DBF17553F}"
EndProject
Project("{FAE04EC0-301F-11D3-BF4B-00C04F79EFBC}") = "Unity.Services.Core.Environments.Internal", "Unity.Services.Core.Environments.Internal.csproj", "{3C1A805D-5830-26AC-BA0B-C143C57AC2CD}"
EndProject
Project("{FAE04EC0-301F-11D3-BF4B-00C04F79EFBC}") = "UnityEngine.Advertisements", "UnityEngine.Advertisements.csproj", "{ED6F1018-1C84-2F34-ED49-ABBFBB290521}"
EndProject
Project("{FAE04EC0-301F-11D3-BF4B-00C04F79EFBC}") = "Unity.Services.Core", "Unity.Services.Core.csproj", "{2CC19ED3-6FB6-6A32-AD31-06B97266BF21}"
EndProject
Project("{FAE04EC0-301F-11D3-BF4B-00C04F79EFBC}") = "Unity.Services.Core.Scheduler", "Unity.Services.Core.Scheduler.csproj", "{8130DAE3-45D2-8A38-2CE3-121D9E0941CC}"
EndProject
Project("{FAE04EC0-301F-11D3-BF4B-00C04F79EFBC}") = "Unity.Services.Core.Configuration", "Unity.Services.Core.Configuration.csproj", "{17464E22-8CC3-F80A-9D6C-40A6096CD7E6}"
EndProject
Project("{FAE04EC0-301F-11D3-BF4B-00C04F79EFBC}") = "Unity.Services.Core.Environments", "Unity.Services.Core.Environments.csproj", "{F3B8F916-C915-89E1-630B-8839FB04DB2B}"
EndProject
Project("{FAE04EC0-301F-11D3-BF4B-00C04F79EFBC}") = "Unity.Services.Core.Networking", "Unity.Services.Core.Networking.csproj", "{3FDB5911-A1B5-DEB6-012B-7907EB9947CB}"
EndProject
Project("{FAE04EC0-301F-11D3-BF4B-00C04F79EFBC}") = "UnityEngine.Purchasing.SecurityStub", "UnityEngine.Purchasing.SecurityStub.csproj", "{1A2DC7A1-D749-203F-B0F5-F244DF2E347E}"
EndProject
Project("{FAE04EC0-301F-11D3-BF4B-00C04F79EFBC}") = "Unity.Services.Core.Analytics", "Unity.Services.Core.Analytics.csproj", "{C4F2D92C-1CED-D059-7788-31C75733227C}"
EndProject
Project("{FAE04EC0-301F-11D3-BF4B-00C04F79EFBC}") = "Purchasing.Common", "Purchasing.Common.csproj", "{ABFEC7CB-4414-5BA7-4DCC-3F78C62087D9}"
EndProject
Project("{FAE04EC0-301F-11D3-BF4B-00C04F79EFBC}") = "UnityEngine.Purchasing.Codeless", "UnityEngine.Purchasing.Codeless.csproj", "{B1CAD978-5442-868C-0DBD-6014207344CF}"
EndProject
Project("{FAE04EC0-301F-11D3-BF4B-00C04F79EFBC}") = "Unity.Services.Core.Registration", "Unity.Services.Core.Registration.csproj", "{E59C80DE-CC5A-85B9-76D1-090DF8B81208}"
EndProject
Project("{FAE04EC0-301F-11D3-BF4B-00C04F79EFBC}") = "Unity.Services.Core.Device", "Unity.Services.Core.Device.csproj", "{2041218D-7E68-9EFD-A3B8-D966F991866B}"
EndProject
Project("{FAE04EC0-301F-11D3-BF4B-00C04F79EFBC}") = "UnityEngine.Purchasing.WinRTStub", "UnityEngine.Purchasing.WinRTStub.csproj", "{F42FFA90-5F89-7FCF-6C51-A8329478BA8C}"
EndProject
Project("{FAE04EC0-301F-11D3-BF4B-00C04F79EFBC}") = "Unity.Services.Core.Threading", "Unity.Services.Core.Threading.csproj", "{5F49C774-1010-E80F-E9A0-1A9132A75194}"
EndProject
Project("{FAE04EC0-301F-11D3-BF4B-00C04F79EFBC}") = "Assembly-CSharp", "Assembly-CSharp.csproj", "{C2D05641-BA7D-971D-E295-FCEF1B038689}"
EndProject
Project("{FAE04EC0-301F-11D3-BF4B-00C04F79EFBC}") = "UnityEngine.Purchasing.AppleStub", "UnityEngine.Purchasing.AppleStub.csproj", "{E3E780FB-EF3F-E1E1-CE95-5986F1E8FDCB}"
EndProject
Project("{FAE04EC0-301F-11D3-BF4B-00C04F79EFBC}") = "UnityEngine.Purchasing.AppleMacosStub", "UnityEngine.Purchasing.AppleMacosStub.csproj", "{BBE04784-4E55-D14F-1C0E-34DE8A0DFB63}"
EndProject
Project("{FAE04EC0-301F-11D3-BF4B-00C04F79EFBC}") = "Unity.Analytics.DataPrivacy", "Unity.Analytics.DataPrivacy.csproj", "{6E8A3850-7CB9-1CA9-4EAB-BF32BE839154}"
EndProject
Project("{FAE04EC0-301F-11D3-BF4B-00C04F79EFBC}") = "Unity.Services.Core.Editor", "Unity.Services.Core.Editor.csproj", "{B6BBEF96-A440-2D1E-ECAB-58F573E03E18}"
EndProject
Project("{FAE04EC0-301F-11D3-BF4B-00C04F79EFBC}") = "UnityEditor.TestRunner", "UnityEditor.TestRunner.csproj", "{8CE09C72-CAEB-C425-A2BE-911F8AC20807}"
EndProject
Project("{FAE04EC0-301F-11D3-BF4B-00C04F79EFBC}") = "Unity.PlasticSCM.Editor", "Unity.PlasticSCM.Editor.csproj", "{591A4FD5-AFC7-DCF5-DF8A-D5B77C4B50E8}"
EndProject
Project("{FAE04EC0-301F-11D3-BF4B-00C04F79EFBC}") = "UnityEditor.UI", "UnityEditor.UI.csproj", "{60F2598A-B426-ADB3-4E9F-84F3DB21B75D}"
EndProject
Project("{FAE04EC0-301F-11D3-BF4B-00C04F79EFBC}") = "UnityEditor.Purchasing", "UnityEditor.Purchasing.csproj", "{3260EF12-F508-04E1-FC1B-3BD40E7E5027}"
EndProject
Project("{FAE04EC0-301F-11D3-BF4B-00C04F79EFBC}") = "Unity.Services.Core.Environments.Editor", "Unity.Services.Core.Environments.Editor.csproj", "{24D4B9B1-5C6E-CB7B-FAA3-7BD8E2BDC5CC}"
EndProject
Project("{FAE04EC0-301F-11D3-BF4B-00C04F79EFBC}") = "Unity.VisualStudio.Editor", "Unity.VisualStudio.Editor.csproj", "{3AA84369-4CFC-1BE5-7DF2-CC80718F49B0}"
EndProject
Project("{FAE04EC0-301F-11D3-BF4B-00C04F79EFBC}") = "Unity.Timeline.Editor", "Unity.Timeline.Editor.csproj", "{1790817D-2664-1C83-EA1C-D19BE35969B1}"
EndProject
Project("{FAE04EC0-301F-11D3-BF4B-00C04F79EFBC}") = "UnityEngine.Advertisements.Editor", "UnityEngine.Advertisements.Editor.csproj", "{5D2626D2-4B27-ECA3-3417-14844AB10E87}"
EndProject
Project("{FAE04EC0-301F-11D3-BF4B-00C04F79EFBC}") = "Unity.TextMeshPro.Editor", "Unity.TextMeshPro.Editor.csproj", "{1062FAD4-7548-4F49-DEA7-B6CF2C151361}"
EndProject
Project("{FAE04EC0-301F-11D3-BF4B-00C04F79EFBC}") = "Unity.2D.Tilemap.Editor", "Unity.2D.Tilemap.Editor.csproj", "{C76E8632-1870-4772-2376-5CD1F4E6478A}"
EndProject
Project("{FAE04EC0-301F-11D3-BF4B-00C04F79EFBC}") = "IFramework.Editor", "IFramework.Editor.csproj", "{677DAB29-C25B-4106-9822-E208FE7F85DE}"
EndProject
Project("{FAE04EC0-301F-11D3-BF4B-00C04F79EFBC}") = "Unity.Rider.Editor", "Unity.Rider.Editor.csproj", "{A55D6D1D-62AB-997C-6C94-BFB8B725D3F1}"
EndProject
Project("{FAE04EC0-301F-11D3-BF4B-00C04F79EFBC}") = "Unity.2D.Sprite.Editor", "Unity.2D.Sprite.Editor.csproj", "{3A12736B-AA30-54AB-FBA9-AD31FBAD6F56}"
EndProject
Project("{FAE04EC0-301F-11D3-BF4B-00C04F79EFBC}") = "UnityEngine.Advertisements.DevX.Editor", "UnityEngine.Advertisements.DevX.Editor.csproj", "{44BBA36A-8C65-6D7D-AEF2-E62CB82B6932}"
EndProject
Project("{FAE04EC0-301F-11D3-BF4B-00C04F79EFBC}") = "UnityEditor.XR.LegacyInputHelpers", "UnityEditor.XR.LegacyInputHelpers.csproj", "{BF18762F-D5B3-7FFE-89EC-C39BD949AE16}"
EndProject
Project("{FAE04EC0-301F-11D3-BF4B-00C04F79EFBC}") = "Unity.VSCode.Editor", "Unity.VSCode.Editor.csproj", "{EB3D8E0F-EB42-4CB4-06C6-281A7A6DDEE6}"
EndProject
Project("{FAE04EC0-301F-11D3-BF4B-00C04F79EFBC}") = "Unity.Services.Core.Configuration.Editor", "Unity.Services.Core.Configuration.Editor.csproj", "{2E15F8ED-A95B-F544-60A2-4ED35A5E7A32}"
EndProject
Project("{FAE04EC0-301F-11D3-BF4B-00C04F79EFBC}") = "UnityEditor.SpatialTracking", "UnityEditor.SpatialTracking.csproj", "{7D109502-1FCD-F600-04AA-967CA51F4067}"
EndProject
Project("{FAE04EC0-301F-11D3-BF4B-00C04F79EFBC}") = "Unity.CollabProxy.Editor", "Unity.CollabProxy.Editor.csproj", "{0F6F0160-3CC1-AE14-98DA-6AD6302E238F}"
EndProject
Project("{FAE04EC0-301F-11D3-BF4B-00C04F79EFBC}") = "Analytics", "Analytics.csproj", "{65B59C38-83F9-A641-6D37-86573D844E02}"
EndProject
Project("{FAE04EC0-301F-11D3-BF4B-00C04F79EFBC}") = "UnityEngine.UI", "UnityEngine.UI.Player.csproj", "{814D5A06-A659-278B-48EC-4D99719E650D}"
EndProject
Project("{FAE04EC0-301F-11D3-BF4B-00C04F79EFBC}") = "UnityEngine.SpatialTracking", "UnityEngine.SpatialTracking.Player.csproj", "{5CF6826D-508E-8249-0050-CA1AD5A031C5}"
EndProject
Project("{FAE04EC0-301F-11D3-BF4B-00C04F79EFBC}") = "Unity.Services.Core.Internal", "Unity.Services.Core.Internal.Player.csproj", "{E76C4741-D565-717F-E678-BD8C72C7DFE1}"
EndProject
Project("{FAE04EC0-301F-11D3-BF4B-00C04F79EFBC}") = "Unity.Services.Core.Telemetry", "Unity.Services.Core.Telemetry.Player.csproj", "{26B623F8-01B5-F327-A326-A824CFA51EB0}"
EndProject
Project("{FAE04EC0-301F-11D3-BF4B-00C04F79EFBC}") = "UnityEngine.TestRunner", "UnityEngine.TestRunner.Player.csproj", "{E01E3E24-0CB6-A53B-FD15-A6D40A57C35F}"
EndProject
Project("{FAE04EC0-301F-11D3-BF4B-00C04F79EFBC}") = "UnityEngine.Purchasing.Stores", "UnityEngine.Purchasing.Stores.Player.csproj", "{88D691BD-4B0F-F990-E809-8C72B7DC4DBD}"
EndProject
Project("{FAE04EC0-301F-11D3-BF4B-00C04F79EFBC}") = "UnityEngine.XR.LegacyInputHelpers", "UnityEngine.XR.LegacyInputHelpers.Player.csproj", "{13167F12-B760-0AA9-82BA-F8A6F4A7E1C1}"
EndProject
Project("{FAE04EC0-301F-11D3-BF4B-00C04F79EFBC}") = "Unity.Timeline", "Unity.Timeline.Player.csproj", "{D8FDC779-FF2E-7E01-C5F9-AC4D93C48224}"
EndProject
Project("{FAE04EC0-301F-11D3-BF4B-00C04F79EFBC}") = "UnityEngine.Purchasing.WinRTCore", "UnityEngine.Purchasing.WinRTCore.Player.csproj", "{96E729F4-B1C8-6A03-79F4-D58BAAA3A92F}"
EndProject
Project("{FAE04EC0-301F-11D3-BF4B-00C04F79EFBC}") = "IFramework", "IFramework.Player.csproj", "{C515CCB2-157A-B6C0-0DE2-854358B6EF78}"
EndProject
Project("{FAE04EC0-301F-11D3-BF4B-00C04F79EFBC}") = "UnityEngine.Purchasing.SecurityCore", "UnityEngine.Purchasing.SecurityCore.Player.csproj", "{A6C95769-8491-9B8E-C945-DF2C9747A7B3}"
EndProject
Project("{FAE04EC0-301F-11D3-BF4B-00C04F79EFBC}") = "Unity.TextMeshPro", "Unity.TextMeshPro.Player.csproj", "{2FE3F80E-BEAA-0A46-230E-ACB49C2C00C2}"
EndProject
Project("{FAE04EC0-301F-11D3-BF4B-00C04F79EFBC}") = "UnityEngine.Purchasing", "UnityEngine.Purchasing.Player.csproj", "{E2A1C8E6-103A-B78C-6288-9C3756048B61}"
EndProject
Project("{FAE04EC0-301F-11D3-BF4B-00C04F79EFBC}") = "UnityEngine.Purchasing.AppleCore", "UnityEngine.Purchasing.AppleCore.Player.csproj", "{3D257DAA-5F3E-A564-D853-7A7F0CF7DBA2}"
EndProject
Project("{FAE04EC0-301F-11D3-BF4B-00C04F79EFBC}") = "Unity.Services.Core.Environments.Internal", "Unity.Services.Core.Environments.Internal.Player.csproj", "{7C64E99F-FFC5-67A4-CFD4-CA7E00D7619C}"
EndProject
Project("{FAE04EC0-301F-11D3-BF4B-00C04F79EFBC}") = "UnityEngine.Advertisements", "UnityEngine.Advertisements.Player.csproj", "{8FAB3CF1-4ACC-EDFD-BC53-B4B2F9AA2F6B}"
EndProject
Project("{FAE04EC0-301F-11D3-BF4B-00C04F79EFBC}") = "Unity.Services.Core", "Unity.Services.Core.Player.csproj", "{0801FA02-F64C-6843-C0AA-DE43DCF9CC0F}"
EndProject
Project("{FAE04EC0-301F-11D3-BF4B-00C04F79EFBC}") = "Unity.Services.Core.Scheduler", "Unity.Services.Core.Scheduler.Player.csproj", "{12EDB105-BA34-3658-DA5F-8E965FB32E1E}"
EndProject
Project("{FAE04EC0-301F-11D3-BF4B-00C04F79EFBC}") = "Unity.Services.Core.Configuration", "Unity.Services.Core.Configuration.Player.csproj", "{B46E5383-5432-B166-B90C-D838DEA2A966}"
EndProject
Project("{FAE04EC0-301F-11D3-BF4B-00C04F79EFBC}") = "Unity.Services.Core.Environments", "Unity.Services.Core.Environments.Player.csproj", "{D763D5BC-1075-39A8-A077-52820C01141A}"
EndProject
Project("{FAE04EC0-301F-11D3-BF4B-00C04F79EFBC}") = "Unity.Services.Core.Networking", "Unity.Services.Core.Networking.Player.csproj", "{B934390A-5052-FE1B-306A-96B08328CEC7}"
EndProject
Project("{FAE04EC0-301F-11D3-BF4B-00C04F79EFBC}") = "UnityEngine.Purchasing.SecurityStub", "UnityEngine.Purchasing.SecurityStub.Player.csproj", "{68026940-D2A9-74F0-9E99-B24B0E548EB1}"
EndProject
Project("{FAE04EC0-301F-11D3-BF4B-00C04F79EFBC}") = "Unity.Services.Core.Analytics", "Unity.Services.Core.Analytics.Player.csproj", "{DCA61A88-9E94-FB3B-3DCE-F53DE11E5253}"
EndProject
Project("{FAE04EC0-301F-11D3-BF4B-00C04F79EFBC}") = "Purchasing.Common", "Purchasing.Common.Player.csproj", "{BF002CD3-1BF0-6301-571B-74165342CF08}"
EndProject
Project("{FAE04EC0-301F-11D3-BF4B-00C04F79EFBC}") = "UnityEngine.Purchasing.Codeless", "UnityEngine.Purchasing.Codeless.Player.csproj", "{DD9A5FD1-47DE-A6AF-CA1A-338AB0F77CD7}"
EndProject
Project("{FAE04EC0-301F-11D3-BF4B-00C04F79EFBC}") = "Unity.Services.Core.Registration", "Unity.Services.Core.Registration.Player.csproj", "{231B3586-12DE-B130-22BE-972A5293FC1A}"
EndProject
Project("{FAE04EC0-301F-11D3-BF4B-00C04F79EFBC}") = "Unity.Services.Core.Device", "Unity.Services.Core.Device.Player.csproj", "{22878CCB-5EAA-6260-5DB0-666A16FE89FD}"
EndProject
Project("{FAE04EC0-301F-11D3-BF4B-00C04F79EFBC}") = "UnityEngine.Purchasing.WinRTStub", "UnityEngine.Purchasing.WinRTStub.Player.csproj", "{779820D0-A4E7-D905-33D3-E8501A1AA998}"
EndProject
Project("{FAE04EC0-301F-11D3-BF4B-00C04F79EFBC}") = "Unity.Services.Core.Threading", "Unity.Services.Core.Threading.Player.csproj", "{6A4C5DB1-BE2E-5670-D391-63F4DD29520A}"
EndProject
Project("{FAE04EC0-301F-11D3-BF4B-00C04F79EFBC}") = "Assembly-CSharp", "Assembly-CSharp.Player.csproj", "{2EA83E2D-B055-29A0-D452-8FB72E22F464}"
EndProject
Project("{FAE04EC0-301F-11D3-BF4B-00C04F79EFBC}") = "UnityEngine.Purchasing.AppleStub", "UnityEngine.Purchasing.AppleStub.Player.csproj", "{26543CD8-8349-FFF5-202D-96465F37287A}"
EndProject
Project("{FAE04EC0-301F-11D3-BF4B-00C04F79EFBC}") = "UnityEngine.Purchasing.AppleMacosStub", "UnityEngine.Purchasing.AppleMacosStub.Player.csproj", "{9C44FA78-891F-68F3-2829-BB9BA89E493D}"
EndProject
Project("{FAE04EC0-301F-11D3-BF4B-00C04F79EFBC}") = "Unity.Analytics.DataPrivacy", "Unity.Analytics.DataPrivacy.Player.csproj", "{D1B6122F-19E1-45B9-D0EE-31AC84CC3E44}"
EndProject
Global
	GlobalSection(SolutionConfigurationPlatforms) = preSolution
		Debug|Any CPU = Debug|Any CPU
		Release|Any CPU = Release|Any CPU
	EndGlobalSection
	GlobalSection(ProjectConfigurationPlatforms) = postSolution
		{7C902462-9E4E-7533-B6D8-A31566990142}.Debug|Any CPU.ActiveCfg = Debug|Any CPU
		{7C902462-9E4E-7533-B6D8-A31566990142}.Debug|Any CPU.Build.0 = Debug|Any CPU
		{7C902462-9E4E-7533-B6D8-A31566990142}.Release|Any CPU.ActiveCfg = Release|Any CPU
		{7C902462-9E4E-7533-B6D8-A31566990142}.Release|Any CPU.Build.0 = Release|Any CPU
		{7D8DE0BD-D828-DE21-3881-044E97BE53CB}.Debug|Any CPU.ActiveCfg = Debug|Any CPU
		{7D8DE0BD-D828-DE21-3881-044E97BE53CB}.Debug|Any CPU.Build.0 = Debug|Any CPU
		{7D8DE0BD-D828-DE21-3881-044E97BE53CB}.Release|Any CPU.ActiveCfg = Release|Any CPU
		{7D8DE0BD-D828-DE21-3881-044E97BE53CB}.Release|Any CPU.Build.0 = Release|Any CPU
		{8A6D71EA-7AEA-3AB8-DA33-23B903DA3547}.Debug|Any CPU.ActiveCfg = Debug|Any CPU
		{8A6D71EA-7AEA-3AB8-DA33-23B903DA3547}.Debug|Any CPU.Build.0 = Debug|Any CPU
		{8A6D71EA-7AEA-3AB8-DA33-23B903DA3547}.Release|Any CPU.ActiveCfg = Release|Any CPU
		{8A6D71EA-7AEA-3AB8-DA33-23B903DA3547}.Release|Any CPU.Build.0 = Release|Any CPU
		{BC94EC92-7E34-5EE6-FB05-A6C5366F72B1}.Debug|Any CPU.ActiveCfg = Debug|Any CPU
		{BC94EC92-7E34-5EE6-FB05-A6C5366F72B1}.Debug|Any CPU.Build.0 = Debug|Any CPU
		{BC94EC92-7E34-5EE6-FB05-A6C5366F72B1}.Release|Any CPU.ActiveCfg = Release|Any CPU
		{BC94EC92-7E34-5EE6-FB05-A6C5366F72B1}.Release|Any CPU.Build.0 = Release|Any CPU
		{4FEC398E-21B3-D32C-2EF5-2D4DF8B0F7BF}.Debug|Any CPU.ActiveCfg = Debug|Any CPU
		{4FEC398E-21B3-D32C-2EF5-2D4DF8B0F7BF}.Debug|Any CPU.Build.0 = Debug|Any CPU
		{4FEC398E-21B3-D32C-2EF5-2D4DF8B0F7BF}.Release|Any CPU.ActiveCfg = Release|Any CPU
		{4FEC398E-21B3-D32C-2EF5-2D4DF8B0F7BF}.Release|Any CPU.Build.0 = Release|Any CPU
		{033EA25C-0C45-4A45-190C-BCF29D2E622D}.Debug|Any CPU.ActiveCfg = Debug|Any CPU
		{033EA25C-0C45-4A45-190C-BCF29D2E622D}.Debug|Any CPU.Build.0 = Debug|Any CPU
		{033EA25C-0C45-4A45-190C-BCF29D2E622D}.Release|Any CPU.ActiveCfg = Release|Any CPU
		{033EA25C-0C45-4A45-190C-BCF29D2E622D}.Release|Any CPU.Build.0 = Release|Any CPU
		{71E0B67C-83E4-E194-314A-CA4E08382281}.Debug|Any CPU.ActiveCfg = Debug|Any CPU
		{71E0B67C-83E4-E194-314A-CA4E08382281}.Debug|Any CPU.Build.0 = Debug|Any CPU
		{71E0B67C-83E4-E194-314A-CA4E08382281}.Release|Any CPU.ActiveCfg = Release|Any CPU
		{71E0B67C-83E4-E194-314A-CA4E08382281}.Release|Any CPU.Build.0 = Release|Any CPU
		{FF102D46-02BD-8214-D408-DF21509BBF5B}.Debug|Any CPU.ActiveCfg = Debug|Any CPU
		{FF102D46-02BD-8214-D408-DF21509BBF5B}.Debug|Any CPU.Build.0 = Debug|Any CPU
		{FF102D46-02BD-8214-D408-DF21509BBF5B}.Release|Any CPU.ActiveCfg = Release|Any CPU
		{FF102D46-02BD-8214-D408-DF21509BBF5B}.Release|Any CPU.Build.0 = Release|Any CPU
		{3830ABD3-1B8E-E9D6-8C06-11879AE2BEBE}.Debug|Any CPU.ActiveCfg = Debug|Any CPU
		{3830ABD3-1B8E-E9D6-8C06-11879AE2BEBE}.Debug|Any CPU.Build.0 = Debug|Any CPU
		{3830ABD3-1B8E-E9D6-8C06-11879AE2BEBE}.Release|Any CPU.ActiveCfg = Release|Any CPU
		{3830ABD3-1B8E-E9D6-8C06-11879AE2BEBE}.Release|Any CPU.Build.0 = Release|Any CPU
		{1E2BC948-76D1-EB32-D16B-A5EF8243F6BF}.Debug|Any CPU.ActiveCfg = Debug|Any CPU
		{1E2BC948-76D1-EB32-D16B-A5EF8243F6BF}.Debug|Any CPU.Build.0 = Debug|Any CPU
		{1E2BC948-76D1-EB32-D16B-A5EF8243F6BF}.Release|Any CPU.ActiveCfg = Release|Any CPU
		{1E2BC948-76D1-EB32-D16B-A5EF8243F6BF}.Release|Any CPU.Build.0 = Release|Any CPU
		{250CCFAF-EDFB-0F3D-B4EE-43A78D2EBC43}.Debug|Any CPU.ActiveCfg = Debug|Any CPU
		{250CCFAF-EDFB-0F3D-B4EE-43A78D2EBC43}.Debug|Any CPU.Build.0 = Debug|Any CPU
		{250CCFAF-EDFB-0F3D-B4EE-43A78D2EBC43}.Release|Any CPU.ActiveCfg = Release|Any CPU
		{250CCFAF-EDFB-0F3D-B4EE-43A78D2EBC43}.Release|Any CPU.Build.0 = Release|Any CPU
		{AFEEA170-67F9-9346-FE7A-981A208926A0}.Debug|Any CPU.ActiveCfg = Debug|Any CPU
		{AFEEA170-67F9-9346-FE7A-981A208926A0}.Debug|Any CPU.Build.0 = Debug|Any CPU
		{AFEEA170-67F9-9346-FE7A-981A208926A0}.Release|Any CPU.ActiveCfg = Release|Any CPU
		{AFEEA170-67F9-9346-FE7A-981A208926A0}.Release|Any CPU.Build.0 = Release|Any CPU
		{EEF84817-6897-7F19-291A-792B4299154D}.Debug|Any CPU.ActiveCfg = Debug|Any CPU
		{EEF84817-6897-7F19-291A-792B4299154D}.Debug|Any CPU.Build.0 = Debug|Any CPU
		{EEF84817-6897-7F19-291A-792B4299154D}.Release|Any CPU.ActiveCfg = Release|Any CPU
		{EEF84817-6897-7F19-291A-792B4299154D}.Release|Any CPU.Build.0 = Release|Any CPU
		{41B2295E-8347-5D33-6253-759DBF17553F}.Debug|Any CPU.ActiveCfg = Debug|Any CPU
		{41B2295E-8347-5D33-6253-759DBF17553F}.Debug|Any CPU.Build.0 = Debug|Any CPU
		{41B2295E-8347-5D33-6253-759DBF17553F}.Release|Any CPU.ActiveCfg = Release|Any CPU
		{41B2295E-8347-5D33-6253-759DBF17553F}.Release|Any CPU.Build.0 = Release|Any CPU
		{3C1A805D-5830-26AC-BA0B-C143C57AC2CD}.Debug|Any CPU.ActiveCfg = Debug|Any CPU
		{3C1A805D-5830-26AC-BA0B-C143C57AC2CD}.Debug|Any CPU.Build.0 = Debug|Any CPU
		{3C1A805D-5830-26AC-BA0B-C143C57AC2CD}.Release|Any CPU.ActiveCfg = Release|Any CPU
		{3C1A805D-5830-26AC-BA0B-C143C57AC2CD}.Release|Any CPU.Build.0 = Release|Any CPU
		{ED6F1018-1C84-2F34-ED49-ABBFBB290521}.Debug|Any CPU.ActiveCfg = Debug|Any CPU
		{ED6F1018-1C84-2F34-ED49-ABBFBB290521}.Debug|Any CPU.Build.0 = Debug|Any CPU
		{ED6F1018-1C84-2F34-ED49-ABBFBB290521}.Release|Any CPU.ActiveCfg = Release|Any CPU
		{ED6F1018-1C84-2F34-ED49-ABBFBB290521}.Release|Any CPU.Build.0 = Release|Any CPU
		{2CC19ED3-6FB6-6A32-AD31-06B97266BF21}.Debug|Any CPU.ActiveCfg = Debug|Any CPU
		{2CC19ED3-6FB6-6A32-AD31-06B97266BF21}.Debug|Any CPU.Build.0 = Debug|Any CPU
		{2CC19ED3-6FB6-6A32-AD31-06B97266BF21}.Release|Any CPU.ActiveCfg = Release|Any CPU
		{2CC19ED3-6FB6-6A32-AD31-06B97266BF21}.Release|Any CPU.Build.0 = Release|Any CPU
		{8130DAE3-45D2-8A38-2CE3-121D9E0941CC}.Debug|Any CPU.ActiveCfg = Debug|Any CPU
		{8130DAE3-45D2-8A38-2CE3-121D9E0941CC}.Debug|Any CPU.Build.0 = Debug|Any CPU
		{8130DAE3-45D2-8A38-2CE3-121D9E0941CC}.Release|Any CPU.ActiveCfg = Release|Any CPU
		{8130DAE3-45D2-8A38-2CE3-121D9E0941CC}.Release|Any CPU.Build.0 = Release|Any CPU
		{17464E22-8CC3-F80A-9D6C-40A6096CD7E6}.Debug|Any CPU.ActiveCfg = Debug|Any CPU
		{17464E22-8CC3-F80A-9D6C-40A6096CD7E6}.Debug|Any CPU.Build.0 = Debug|Any CPU
		{17464E22-8CC3-F80A-9D6C-40A6096CD7E6}.Release|Any CPU.ActiveCfg = Release|Any CPU
		{17464E22-8CC3-F80A-9D6C-40A6096CD7E6}.Release|Any CPU.Build.0 = Release|Any CPU
		{F3B8F916-C915-89E1-630B-8839FB04DB2B}.Debug|Any CPU.ActiveCfg = Debug|Any CPU
		{F3B8F916-C915-89E1-630B-8839FB04DB2B}.Debug|Any CPU.Build.0 = Debug|Any CPU
		{F3B8F916-C915-89E1-630B-8839FB04DB2B}.Release|Any CPU.ActiveCfg = Release|Any CPU
		{F3B8F916-C915-89E1-630B-8839FB04DB2B}.Release|Any CPU.Build.0 = Release|Any CPU
		{3FDB5911-A1B5-DEB6-012B-7907EB9947CB}.Debug|Any CPU.ActiveCfg = Debug|Any CPU
		{3FDB5911-A1B5-DEB6-012B-7907EB9947CB}.Debug|Any CPU.Build.0 = Debug|Any CPU
		{3FDB5911-A1B5-DEB6-012B-7907EB9947CB}.Release|Any CPU.ActiveCfg = Release|Any CPU
		{3FDB5911-A1B5-DEB6-012B-7907EB9947CB}.Release|Any CPU.Build.0 = Release|Any CPU
		{1A2DC7A1-D749-203F-B0F5-F244DF2E347E}.Debug|Any CPU.ActiveCfg = Debug|Any CPU
		{1A2DC7A1-D749-203F-B0F5-F244DF2E347E}.Debug|Any CPU.Build.0 = Debug|Any CPU
		{1A2DC7A1-D749-203F-B0F5-F244DF2E347E}.Release|Any CPU.ActiveCfg = Release|Any CPU
		{1A2DC7A1-D749-203F-B0F5-F244DF2E347E}.Release|Any CPU.Build.0 = Release|Any CPU
		{C4F2D92C-1CED-D059-7788-31C75733227C}.Debug|Any CPU.ActiveCfg = Debug|Any CPU
		{C4F2D92C-1CED-D059-7788-31C75733227C}.Debug|Any CPU.Build.0 = Debug|Any CPU
		{C4F2D92C-1CED-D059-7788-31C75733227C}.Release|Any CPU.ActiveCfg = Release|Any CPU
		{C4F2D92C-1CED-D059-7788-31C75733227C}.Release|Any CPU.Build.0 = Release|Any CPU
		{ABFEC7CB-4414-5BA7-4DCC-3F78C62087D9}.Debug|Any CPU.ActiveCfg = Debug|Any CPU
		{ABFEC7CB-4414-5BA7-4DCC-3F78C62087D9}.Debug|Any CPU.Build.0 = Debug|Any CPU
		{ABFEC7CB-4414-5BA7-4DCC-3F78C62087D9}.Release|Any CPU.ActiveCfg = Release|Any CPU
		{ABFEC7CB-4414-5BA7-4DCC-3F78C62087D9}.Release|Any CPU.Build.0 = Release|Any CPU
		{B1CAD978-5442-868C-0DBD-6014207344CF}.Debug|Any CPU.ActiveCfg = Debug|Any CPU
		{B1CAD978-5442-868C-0DBD-6014207344CF}.Debug|Any CPU.Build.0 = Debug|Any CPU
		{B1CAD978-5442-868C-0DBD-6014207344CF}.Release|Any CPU.ActiveCfg = Release|Any CPU
		{B1CAD978-5442-868C-0DBD-6014207344CF}.Release|Any CPU.Build.0 = Release|Any CPU
		{E59C80DE-CC5A-85B9-76D1-090DF8B81208}.Debug|Any CPU.ActiveCfg = Debug|Any CPU
		{E59C80DE-CC5A-85B9-76D1-090DF8B81208}.Debug|Any CPU.Build.0 = Debug|Any CPU
		{E59C80DE-CC5A-85B9-76D1-090DF8B81208}.Release|Any CPU.ActiveCfg = Release|Any CPU
		{E59C80DE-CC5A-85B9-76D1-090DF8B81208}.Release|Any CPU.Build.0 = Release|Any CPU
		{2041218D-7E68-9EFD-A3B8-D966F991866B}.Debug|Any CPU.ActiveCfg = Debug|Any CPU
		{2041218D-7E68-9EFD-A3B8-D966F991866B}.Debug|Any CPU.Build.0 = Debug|Any CPU
		{2041218D-7E68-9EFD-A3B8-D966F991866B}.Release|Any CPU.ActiveCfg = Release|Any CPU
		{2041218D-7E68-9EFD-A3B8-D966F991866B}.Release|Any CPU.Build.0 = Release|Any CPU
		{F42FFA90-5F89-7FCF-6C51-A8329478BA8C}.Debug|Any CPU.ActiveCfg = Debug|Any CPU
		{F42FFA90-5F89-7FCF-6C51-A8329478BA8C}.Debug|Any CPU.Build.0 = Debug|Any CPU
		{F42FFA90-5F89-7FCF-6C51-A8329478BA8C}.Release|Any CPU.ActiveCfg = Release|Any CPU
		{F42FFA90-5F89-7FCF-6C51-A8329478BA8C}.Release|Any CPU.Build.0 = Release|Any CPU
		{5F49C774-1010-E80F-E9A0-1A9132A75194}.Debug|Any CPU.ActiveCfg = Debug|Any CPU
		{5F49C774-1010-E80F-E9A0-1A9132A75194}.Debug|Any CPU.Build.0 = Debug|Any CPU
		{5F49C774-1010-E80F-E9A0-1A9132A75194}.Release|Any CPU.ActiveCfg = Release|Any CPU
		{5F49C774-1010-E80F-E9A0-1A9132A75194}.Release|Any CPU.Build.0 = Release|Any CPU
		{C2D05641-BA7D-971D-E295-FCEF1B038689}.Debug|Any CPU.ActiveCfg = Debug|Any CPU
		{C2D05641-BA7D-971D-E295-FCEF1B038689}.Debug|Any CPU.Build.0 = Debug|Any CPU
		{C2D05641-BA7D-971D-E295-FCEF1B038689}.Release|Any CPU.ActiveCfg = Release|Any CPU
		{C2D05641-BA7D-971D-E295-FCEF1B038689}.Release|Any CPU.Build.0 = Release|Any CPU
		{E3E780FB-EF3F-E1E1-CE95-5986F1E8FDCB}.Debug|Any CPU.ActiveCfg = Debug|Any CPU
		{E3E780FB-EF3F-E1E1-CE95-5986F1E8FDCB}.Debug|Any CPU.Build.0 = Debug|Any CPU
		{E3E780FB-EF3F-E1E1-CE95-5986F1E8FDCB}.Release|Any CPU.ActiveCfg = Release|Any CPU
		{E3E780FB-EF3F-E1E1-CE95-5986F1E8FDCB}.Release|Any CPU.Build.0 = Release|Any CPU
		{BBE04784-4E55-D14F-1C0E-34DE8A0DFB63}.Debug|Any CPU.ActiveCfg = Debug|Any CPU
		{BBE04784-4E55-D14F-1C0E-34DE8A0DFB63}.Debug|Any CPU.Build.0 = Debug|Any CPU
		{BBE04784-4E55-D14F-1C0E-34DE8A0DFB63}.Release|Any CPU.ActiveCfg = Release|Any CPU
		{BBE04784-4E55-D14F-1C0E-34DE8A0DFB63}.Release|Any CPU.Build.0 = Release|Any CPU
		{6E8A3850-7CB9-1CA9-4EAB-BF32BE839154}.Debug|Any CPU.ActiveCfg = Debug|Any CPU
		{6E8A3850-7CB9-1CA9-4EAB-BF32BE839154}.Debug|Any CPU.Build.0 = Debug|Any CPU
		{6E8A3850-7CB9-1CA9-4EAB-BF32BE839154}.Release|Any CPU.ActiveCfg = Release|Any CPU
		{6E8A3850-7CB9-1CA9-4EAB-BF32BE839154}.Release|Any CPU.Build.0 = Release|Any CPU
		{B6BBEF96-A440-2D1E-ECAB-58F573E03E18}.Debug|Any CPU.ActiveCfg = Debug|Any CPU
		{B6BBEF96-A440-2D1E-ECAB-58F573E03E18}.Debug|Any CPU.Build.0 = Debug|Any CPU
		{B6BBEF96-A440-2D1E-ECAB-58F573E03E18}.Release|Any CPU.ActiveCfg = Release|Any CPU
		{B6BBEF96-A440-2D1E-ECAB-58F573E03E18}.Release|Any CPU.Build.0 = Release|Any CPU
		{8CE09C72-CAEB-C425-A2BE-911F8AC20807}.Debug|Any CPU.ActiveCfg = Debug|Any CPU
		{8CE09C72-CAEB-C425-A2BE-911F8AC20807}.Debug|Any CPU.Build.0 = Debug|Any CPU
		{8CE09C72-CAEB-C425-A2BE-911F8AC20807}.Release|Any CPU.ActiveCfg = Release|Any CPU
		{8CE09C72-CAEB-C425-A2BE-911F8AC20807}.Release|Any CPU.Build.0 = Release|Any CPU
		{591A4FD5-AFC7-DCF5-DF8A-D5B77C4B50E8}.Debug|Any CPU.ActiveCfg = Debug|Any CPU
		{591A4FD5-AFC7-DCF5-DF8A-D5B77C4B50E8}.Debug|Any CPU.Build.0 = Debug|Any CPU
		{591A4FD5-AFC7-DCF5-DF8A-D5B77C4B50E8}.Release|Any CPU.ActiveCfg = Release|Any CPU
		{591A4FD5-AFC7-DCF5-DF8A-D5B77C4B50E8}.Release|Any CPU.Build.0 = Release|Any CPU
		{60F2598A-B426-ADB3-4E9F-84F3DB21B75D}.Debug|Any CPU.ActiveCfg = Debug|Any CPU
		{60F2598A-B426-ADB3-4E9F-84F3DB21B75D}.Debug|Any CPU.Build.0 = Debug|Any CPU
		{60F2598A-B426-ADB3-4E9F-84F3DB21B75D}.Release|Any CPU.ActiveCfg = Release|Any CPU
		{60F2598A-B426-ADB3-4E9F-84F3DB21B75D}.Release|Any CPU.Build.0 = Release|Any CPU
		{3260EF12-F508-04E1-FC1B-3BD40E7E5027}.Debug|Any CPU.ActiveCfg = Debug|Any CPU
		{3260EF12-F508-04E1-FC1B-3BD40E7E5027}.Debug|Any CPU.Build.0 = Debug|Any CPU
		{3260EF12-F508-04E1-FC1B-3BD40E7E5027}.Release|Any CPU.ActiveCfg = Release|Any CPU
		{3260EF12-F508-04E1-FC1B-3BD40E7E5027}.Release|Any CPU.Build.0 = Release|Any CPU
		{24D4B9B1-5C6E-CB7B-FAA3-7BD8E2BDC5CC}.Debug|Any CPU.ActiveCfg = Debug|Any CPU
		{24D4B9B1-5C6E-CB7B-FAA3-7BD8E2BDC5CC}.Debug|Any CPU.Build.0 = Debug|Any CPU
		{24D4B9B1-5C6E-CB7B-FAA3-7BD8E2BDC5CC}.Release|Any CPU.ActiveCfg = Release|Any CPU
		{24D4B9B1-5C6E-CB7B-FAA3-7BD8E2BDC5CC}.Release|Any CPU.Build.0 = Release|Any CPU
		{3AA84369-4CFC-1BE5-7DF2-CC80718F49B0}.Debug|Any CPU.ActiveCfg = Debug|Any CPU
		{3AA84369-4CFC-1BE5-7DF2-CC80718F49B0}.Debug|Any CPU.Build.0 = Debug|Any CPU
		{3AA84369-4CFC-1BE5-7DF2-CC80718F49B0}.Release|Any CPU.ActiveCfg = Release|Any CPU
		{3AA84369-4CFC-1BE5-7DF2-CC80718F49B0}.Release|Any CPU.Build.0 = Release|Any CPU
		{1790817D-2664-1C83-EA1C-D19BE35969B1}.Debug|Any CPU.ActiveCfg = Debug|Any CPU
		{1790817D-2664-1C83-EA1C-D19BE35969B1}.Debug|Any CPU.Build.0 = Debug|Any CPU
		{1790817D-2664-1C83-EA1C-D19BE35969B1}.Release|Any CPU.ActiveCfg = Release|Any CPU
		{1790817D-2664-1C83-EA1C-D19BE35969B1}.Release|Any CPU.Build.0 = Release|Any CPU
		{5D2626D2-4B27-ECA3-3417-14844AB10E87}.Debug|Any CPU.ActiveCfg = Debug|Any CPU
		{5D2626D2-4B27-ECA3-3417-14844AB10E87}.Debug|Any CPU.Build.0 = Debug|Any CPU
		{5D2626D2-4B27-ECA3-3417-14844AB10E87}.Release|Any CPU.ActiveCfg = Release|Any CPU
		{5D2626D2-4B27-ECA3-3417-14844AB10E87}.Release|Any CPU.Build.0 = Release|Any CPU
		{1062FAD4-7548-4F49-DEA7-B6CF2C151361}.Debug|Any CPU.ActiveCfg = Debug|Any CPU
		{1062FAD4-7548-4F49-DEA7-B6CF2C151361}.Debug|Any CPU.Build.0 = Debug|Any CPU
		{1062FAD4-7548-4F49-DEA7-B6CF2C151361}.Release|Any CPU.ActiveCfg = Release|Any CPU
		{1062FAD4-7548-4F49-DEA7-B6CF2C151361}.Release|Any CPU.Build.0 = Release|Any CPU
		{C76E8632-1870-4772-2376-5CD1F4E6478A}.Debug|Any CPU.ActiveCfg = Debug|Any CPU
		{C76E8632-1870-4772-2376-5CD1F4E6478A}.Debug|Any CPU.Build.0 = Debug|Any CPU
		{C76E8632-1870-4772-2376-5CD1F4E6478A}.Release|Any CPU.ActiveCfg = Release|Any CPU
		{C76E8632-1870-4772-2376-5CD1F4E6478A}.Release|Any CPU.Build.0 = Release|Any CPU
		{677DAB29-C25B-4106-9822-E208FE7F85DE}.Debug|Any CPU.ActiveCfg = Debug|Any CPU
		{677DAB29-C25B-4106-9822-E208FE7F85DE}.Debug|Any CPU.Build.0 = Debug|Any CPU
		{677DAB29-C25B-4106-9822-E208FE7F85DE}.Release|Any CPU.ActiveCfg = Release|Any CPU
		{677DAB29-C25B-4106-9822-E208FE7F85DE}.Release|Any CPU.Build.0 = Release|Any CPU
		{A55D6D1D-62AB-997C-6C94-BFB8B725D3F1}.Debug|Any CPU.ActiveCfg = Debug|Any CPU
		{A55D6D1D-62AB-997C-6C94-BFB8B725D3F1}.Debug|Any CPU.Build.0 = Debug|Any CPU
		{A55D6D1D-62AB-997C-6C94-BFB8B725D3F1}.Release|Any CPU.ActiveCfg = Release|Any CPU
		{A55D6D1D-62AB-997C-6C94-BFB8B725D3F1}.Release|Any CPU.Build.0 = Release|Any CPU
		{3A12736B-AA30-54AB-FBA9-AD31FBAD6F56}.Debug|Any CPU.ActiveCfg = Debug|Any CPU
		{3A12736B-AA30-54AB-FBA9-AD31FBAD6F56}.Debug|Any CPU.Build.0 = Debug|Any CPU
		{3A12736B-AA30-54AB-FBA9-AD31FBAD6F56}.Release|Any CPU.ActiveCfg = Release|Any CPU
		{3A12736B-AA30-54AB-FBA9-AD31FBAD6F56}.Release|Any CPU.Build.0 = Release|Any CPU
		{44BBA36A-8C65-6D7D-AEF2-E62CB82B6932}.Debug|Any CPU.ActiveCfg = Debug|Any CPU
		{44BBA36A-8C65-6D7D-AEF2-E62CB82B6932}.Debug|Any CPU.Build.0 = Debug|Any CPU
		{44BBA36A-8C65-6D7D-AEF2-E62CB82B6932}.Release|Any CPU.ActiveCfg = Release|Any CPU
		{44BBA36A-8C65-6D7D-AEF2-E62CB82B6932}.Release|Any CPU.Build.0 = Release|Any CPU
		{BF18762F-D5B3-7FFE-89EC-C39BD949AE16}.Debug|Any CPU.ActiveCfg = Debug|Any CPU
		{BF18762F-D5B3-7FFE-89EC-C39BD949AE16}.Debug|Any CPU.Build.0 = Debug|Any CPU
		{BF18762F-D5B3-7FFE-89EC-C39BD949AE16}.Release|Any CPU.ActiveCfg = Release|Any CPU
		{BF18762F-D5B3-7FFE-89EC-C39BD949AE16}.Release|Any CPU.Build.0 = Release|Any CPU
		{EB3D8E0F-EB42-4CB4-06C6-281A7A6DDEE6}.Debug|Any CPU.ActiveCfg = Debug|Any CPU
		{EB3D8E0F-EB42-4CB4-06C6-281A7A6DDEE6}.Debug|Any CPU.Build.0 = Debug|Any CPU
		{EB3D8E0F-EB42-4CB4-06C6-281A7A6DDEE6}.Release|Any CPU.ActiveCfg = Release|Any CPU
		{EB3D8E0F-EB42-4CB4-06C6-281A7A6DDEE6}.Release|Any CPU.Build.0 = Release|Any CPU
		{2E15F8ED-A95B-F544-60A2-4ED35A5E7A32}.Debug|Any CPU.ActiveCfg = Debug|Any CPU
		{2E15F8ED-A95B-F544-60A2-4ED35A5E7A32}.Debug|Any CPU.Build.0 = Debug|Any CPU
		{2E15F8ED-A95B-F544-60A2-4ED35A5E7A32}.Release|Any CPU.ActiveCfg = Release|Any CPU
		{2E15F8ED-A95B-F544-60A2-4ED35A5E7A32}.Release|Any CPU.Build.0 = Release|Any CPU
		{7D109502-1FCD-F600-04AA-967CA51F4067}.Debug|Any CPU.ActiveCfg = Debug|Any CPU
		{7D109502-1FCD-F600-04AA-967CA51F4067}.Debug|Any CPU.Build.0 = Debug|Any CPU
		{7D109502-1FCD-F600-04AA-967CA51F4067}.Release|Any CPU.ActiveCfg = Release|Any CPU
		{7D109502-1FCD-F600-04AA-967CA51F4067}.Release|Any CPU.Build.0 = Release|Any CPU
		{0F6F0160-3CC1-AE14-98DA-6AD6302E238F}.Debug|Any CPU.ActiveCfg = Debug|Any CPU
		{0F6F0160-3CC1-AE14-98DA-6AD6302E238F}.Debug|Any CPU.Build.0 = Debug|Any CPU
		{0F6F0160-3CC1-AE14-98DA-6AD6302E238F}.Release|Any CPU.ActiveCfg = Release|Any CPU
		{0F6F0160-3CC1-AE14-98DA-6AD6302E238F}.Release|Any CPU.Build.0 = Release|Any CPU
		{65B59C38-83F9-A641-6D37-86573D844E02}.Debug|Any CPU.ActiveCfg = Debug|Any CPU
		{65B59C38-83F9-A641-6D37-86573D844E02}.Debug|Any CPU.Build.0 = Debug|Any CPU
		{65B59C38-83F9-A641-6D37-86573D844E02}.Release|Any CPU.ActiveCfg = Release|Any CPU
		{65B59C38-83F9-A641-6D37-86573D844E02}.Release|Any CPU.Build.0 = Release|Any CPU
		{814D5A06-A659-278B-48EC-4D99719E650D}.Debug|Any CPU.ActiveCfg = Debug|Any CPU
		{814D5A06-A659-278B-48EC-4D99719E650D}.Debug|Any CPU.Build.0 = Debug|Any CPU
		{814D5A06-A659-278B-48EC-4D99719E650D}.Release|Any CPU.ActiveCfg = Release|Any CPU
		{814D5A06-A659-278B-48EC-4D99719E650D}.Release|Any CPU.Build.0 = Release|Any CPU
		{5CF6826D-508E-8249-0050-CA1AD5A031C5}.Debug|Any CPU.ActiveCfg = Debug|Any CPU
		{5CF6826D-508E-8249-0050-CA1AD5A031C5}.Debug|Any CPU.Build.0 = Debug|Any CPU
		{5CF6826D-508E-8249-0050-CA1AD5A031C5}.Release|Any CPU.ActiveCfg = Release|Any CPU
		{5CF6826D-508E-8249-0050-CA1AD5A031C5}.Release|Any CPU.Build.0 = Release|Any CPU
		{E76C4741-D565-717F-E678-BD8C72C7DFE1}.Debug|Any CPU.ActiveCfg = Debug|Any CPU
		{E76C4741-D565-717F-E678-BD8C72C7DFE1}.Debug|Any CPU.Build.0 = Debug|Any CPU
		{E76C4741-D565-717F-E678-BD8C72C7DFE1}.Release|Any CPU.ActiveCfg = Release|Any CPU
		{E76C4741-D565-717F-E678-BD8C72C7DFE1}.Release|Any CPU.Build.0 = Release|Any CPU
		{26B623F8-01B5-F327-A326-A824CFA51EB0}.Debug|Any CPU.ActiveCfg = Debug|Any CPU
		{26B623F8-01B5-F327-A326-A824CFA51EB0}.Debug|Any CPU.Build.0 = Debug|Any CPU
		{26B623F8-01B5-F327-A326-A824CFA51EB0}.Release|Any CPU.ActiveCfg = Release|Any CPU
		{26B623F8-01B5-F327-A326-A824CFA51EB0}.Release|Any CPU.Build.0 = Release|Any CPU
		{E01E3E24-0CB6-A53B-FD15-A6D40A57C35F}.Debug|Any CPU.ActiveCfg = Debug|Any CPU
		{E01E3E24-0CB6-A53B-FD15-A6D40A57C35F}.Debug|Any CPU.Build.0 = Debug|Any CPU
		{E01E3E24-0CB6-A53B-FD15-A6D40A57C35F}.Release|Any CPU.ActiveCfg = Release|Any CPU
		{E01E3E24-0CB6-A53B-FD15-A6D40A57C35F}.Release|Any CPU.Build.0 = Release|Any CPU
		{88D691BD-4B0F-F990-E809-8C72B7DC4DBD}.Debug|Any CPU.ActiveCfg = Debug|Any CPU
		{88D691BD-4B0F-F990-E809-8C72B7DC4DBD}.Debug|Any CPU.Build.0 = Debug|Any CPU
		{88D691BD-4B0F-F990-E809-8C72B7DC4DBD}.Release|Any CPU.ActiveCfg = Release|Any CPU
		{88D691BD-4B0F-F990-E809-8C72B7DC4DBD}.Release|Any CPU.Build.0 = Release|Any CPU
		{13167F12-B760-0AA9-82BA-F8A6F4A7E1C1}.Debug|Any CPU.ActiveCfg = Debug|Any CPU
		{13167F12-B760-0AA9-82BA-F8A6F4A7E1C1}.Debug|Any CPU.Build.0 = Debug|Any CPU
		{13167F12-B760-0AA9-82BA-F8A6F4A7E1C1}.Release|Any CPU.ActiveCfg = Release|Any CPU
		{13167F12-B760-0AA9-82BA-F8A6F4A7E1C1}.Release|Any CPU.Build.0 = Release|Any CPU
		{D8FDC779-FF2E-7E01-C5F9-AC4D93C48224}.Debug|Any CPU.ActiveCfg = Debug|Any CPU
		{D8FDC779-FF2E-7E01-C5F9-AC4D93C48224}.Debug|Any CPU.Build.0 = Debug|Any CPU
		{D8FDC779-FF2E-7E01-C5F9-AC4D93C48224}.Release|Any CPU.ActiveCfg = Release|Any CPU
		{D8FDC779-FF2E-7E01-C5F9-AC4D93C48224}.Release|Any CPU.Build.0 = Release|Any CPU
		{96E729F4-B1C8-6A03-79F4-D58BAAA3A92F}.Debug|Any CPU.ActiveCfg = Debug|Any CPU
		{96E729F4-B1C8-6A03-79F4-D58BAAA3A92F}.Debug|Any CPU.Build.0 = Debug|Any CPU
		{96E729F4-B1C8-6A03-79F4-D58BAAA3A92F}.Release|Any CPU.ActiveCfg = Release|Any CPU
		{96E729F4-B1C8-6A03-79F4-D58BAAA3A92F}.Release|Any CPU.Build.0 = Release|Any CPU
		{C515CCB2-157A-B6C0-0DE2-854358B6EF78}.Debug|Any CPU.ActiveCfg = Debug|Any CPU
		{C515CCB2-157A-B6C0-0DE2-854358B6EF78}.Debug|Any CPU.Build.0 = Debug|Any CPU
		{C515CCB2-157A-B6C0-0DE2-854358B6EF78}.Release|Any CPU.ActiveCfg = Release|Any CPU
		{C515CCB2-157A-B6C0-0DE2-854358B6EF78}.Release|Any CPU.Build.0 = Release|Any CPU
		{A6C95769-8491-9B8E-C945-DF2C9747A7B3}.Debug|Any CPU.ActiveCfg = Debug|Any CPU
		{A6C95769-8491-9B8E-C945-DF2C9747A7B3}.Debug|Any CPU.Build.0 = Debug|Any CPU
		{A6C95769-8491-9B8E-C945-DF2C9747A7B3}.Release|Any CPU.ActiveCfg = Release|Any CPU
		{A6C95769-8491-9B8E-C945-DF2C9747A7B3}.Release|Any CPU.Build.0 = Release|Any CPU
		{2FE3F80E-BEAA-0A46-230E-ACB49C2C00C2}.Debug|Any CPU.ActiveCfg = Debug|Any CPU
		{2FE3F80E-BEAA-0A46-230E-ACB49C2C00C2}.Debug|Any CPU.Build.0 = Debug|Any CPU
		{2FE3F80E-BEAA-0A46-230E-ACB49C2C00C2}.Release|Any CPU.ActiveCfg = Release|Any CPU
		{2FE3F80E-BEAA-0A46-230E-ACB49C2C00C2}.Release|Any CPU.Build.0 = Release|Any CPU
		{E2A1C8E6-103A-B78C-6288-9C3756048B61}.Debug|Any CPU.ActiveCfg = Debug|Any CPU
		{E2A1C8E6-103A-B78C-6288-9C3756048B61}.Debug|Any CPU.Build.0 = Debug|Any CPU
		{E2A1C8E6-103A-B78C-6288-9C3756048B61}.Release|Any CPU.ActiveCfg = Release|Any CPU
		{E2A1C8E6-103A-B78C-6288-9C3756048B61}.Release|Any CPU.Build.0 = Release|Any CPU
		{3D257DAA-5F3E-A564-D853-7A7F0CF7DBA2}.Debug|Any CPU.ActiveCfg = Debug|Any CPU
		{3D257DAA-5F3E-A564-D853-7A7F0CF7DBA2}.Debug|Any CPU.Build.0 = Debug|Any CPU
		{3D257DAA-5F3E-A564-D853-7A7F0CF7DBA2}.Release|Any CPU.ActiveCfg = Release|Any CPU
		{3D257DAA-5F3E-A564-D853-7A7F0CF7DBA2}.Release|Any CPU.Build.0 = Release|Any CPU
		{7C64E99F-FFC5-67A4-CFD4-CA7E00D7619C}.Debug|Any CPU.ActiveCfg = Debug|Any CPU
		{7C64E99F-FFC5-67A4-CFD4-CA7E00D7619C}.Debug|Any CPU.Build.0 = Debug|Any CPU
		{7C64E99F-FFC5-67A4-CFD4-CA7E00D7619C}.Release|Any CPU.ActiveCfg = Release|Any CPU
		{7C64E99F-FFC5-67A4-CFD4-CA7E00D7619C}.Release|Any CPU.Build.0 = Release|Any CPU
		{8FAB3CF1-4ACC-EDFD-BC53-B4B2F9AA2F6B}.Debug|Any CPU.ActiveCfg = Debug|Any CPU
		{8FAB3CF1-4ACC-EDFD-BC53-B4B2F9AA2F6B}.Debug|Any CPU.Build.0 = Debug|Any CPU
		{8FAB3CF1-4ACC-EDFD-BC53-B4B2F9AA2F6B}.Release|Any CPU.ActiveCfg = Release|Any CPU
		{8FAB3CF1-4ACC-EDFD-BC53-B4B2F9AA2F6B}.Release|Any CPU.Build.0 = Release|Any CPU
		{0801FA02-F64C-6843-C0AA-DE43DCF9CC0F}.Debug|Any CPU.ActiveCfg = Debug|Any CPU
		{0801FA02-F64C-6843-C0AA-DE43DCF9CC0F}.Debug|Any CPU.Build.0 = Debug|Any CPU
		{0801FA02-F64C-6843-C0AA-DE43DCF9CC0F}.Release|Any CPU.ActiveCfg = Release|Any CPU
		{0801FA02-F64C-6843-C0AA-DE43DCF9CC0F}.Release|Any CPU.Build.0 = Release|Any CPU
		{12EDB105-BA34-3658-DA5F-8E965FB32E1E}.Debug|Any CPU.ActiveCfg = Debug|Any CPU
		{12EDB105-BA34-3658-DA5F-8E965FB32E1E}.Debug|Any CPU.Build.0 = Debug|Any CPU
		{12EDB105-BA34-3658-DA5F-8E965FB32E1E}.Release|Any CPU.ActiveCfg = Release|Any CPU
		{12EDB105-BA34-3658-DA5F-8E965FB32E1E}.Release|Any CPU.Build.0 = Release|Any CPU
		{B46E5383-5432-B166-B90C-D838DEA2A966}.Debug|Any CPU.ActiveCfg = Debug|Any CPU
		{B46E5383-5432-B166-B90C-D838DEA2A966}.Debug|Any CPU.Build.0 = Debug|Any CPU
		{B46E5383-5432-B166-B90C-D838DEA2A966}.Release|Any CPU.ActiveCfg = Release|Any CPU
		{B46E5383-5432-B166-B90C-D838DEA2A966}.Release|Any CPU.Build.0 = Release|Any CPU
		{D763D5BC-1075-39A8-A077-52820C01141A}.Debug|Any CPU.ActiveCfg = Debug|Any CPU
		{D763D5BC-1075-39A8-A077-52820C01141A}.Debug|Any CPU.Build.0 = Debug|Any CPU
		{D763D5BC-1075-39A8-A077-52820C01141A}.Release|Any CPU.ActiveCfg = Release|Any CPU
		{D763D5BC-1075-39A8-A077-52820C01141A}.Release|Any CPU.Build.0 = Release|Any CPU
		{B934390A-5052-FE1B-306A-96B08328CEC7}.Debug|Any CPU.ActiveCfg = Debug|Any CPU
		{B934390A-5052-FE1B-306A-96B08328CEC7}.Debug|Any CPU.Build.0 = Debug|Any CPU
		{B934390A-5052-FE1B-306A-96B08328CEC7}.Release|Any CPU.ActiveCfg = Release|Any CPU
		{B934390A-5052-FE1B-306A-96B08328CEC7}.Release|Any CPU.Build.0 = Release|Any CPU
		{68026940-D2A9-74F0-9E99-B24B0E548EB1}.Debug|Any CPU.ActiveCfg = Debug|Any CPU
		{68026940-D2A9-74F0-9E99-B24B0E548EB1}.Debug|Any CPU.Build.0 = Debug|Any CPU
		{68026940-D2A9-74F0-9E99-B24B0E548EB1}.Release|Any CPU.ActiveCfg = Release|Any CPU
		{68026940-D2A9-74F0-9E99-B24B0E548EB1}.Release|Any CPU.Build.0 = Release|Any CPU
		{DCA61A88-9E94-FB3B-3DCE-F53DE11E5253}.Debug|Any CPU.ActiveCfg = Debug|Any CPU
		{DCA61A88-9E94-FB3B-3DCE-F53DE11E5253}.Debug|Any CPU.Build.0 = Debug|Any CPU
		{DCA61A88-9E94-FB3B-3DCE-F53DE11E5253}.Release|Any CPU.ActiveCfg = Release|Any CPU
		{DCA61A88-9E94-FB3B-3DCE-F53DE11E5253}.Release|Any CPU.Build.0 = Release|Any CPU
		{BF002CD3-1BF0-6301-571B-74165342CF08}.Debug|Any CPU.ActiveCfg = Debug|Any CPU
		{BF002CD3-1BF0-6301-571B-74165342CF08}.Debug|Any CPU.Build.0 = Debug|Any CPU
		{BF002CD3-1BF0-6301-571B-74165342CF08}.Release|Any CPU.ActiveCfg = Release|Any CPU
		{BF002CD3-1BF0-6301-571B-74165342CF08}.Release|Any CPU.Build.0 = Release|Any CPU
		{DD9A5FD1-47DE-A6AF-CA1A-338AB0F77CD7}.Debug|Any CPU.ActiveCfg = Debug|Any CPU
		{DD9A5FD1-47DE-A6AF-CA1A-338AB0F77CD7}.Debug|Any CPU.Build.0 = Debug|Any CPU
		{DD9A5FD1-47DE-A6AF-CA1A-338AB0F77CD7}.Release|Any CPU.ActiveCfg = Release|Any CPU
		{DD9A5FD1-47DE-A6AF-CA1A-338AB0F77CD7}.Release|Any CPU.Build.0 = Release|Any CPU
		{231B3586-12DE-B130-22BE-972A5293FC1A}.Debug|Any CPU.ActiveCfg = Debug|Any CPU
		{231B3586-12DE-B130-22BE-972A5293FC1A}.Debug|Any CPU.Build.0 = Debug|Any CPU
		{231B3586-12DE-B130-22BE-972A5293FC1A}.Release|Any CPU.ActiveCfg = Release|Any CPU
		{231B3586-12DE-B130-22BE-972A5293FC1A}.Release|Any CPU.Build.0 = Release|Any CPU
		{22878CCB-5EAA-6260-5DB0-666A16FE89FD}.Debug|Any CPU.ActiveCfg = Debug|Any CPU
		{22878CCB-5EAA-6260-5DB0-666A16FE89FD}.Debug|Any CPU.Build.0 = Debug|Any CPU
		{22878CCB-5EAA-6260-5DB0-666A16FE89FD}.Release|Any CPU.ActiveCfg = Release|Any CPU
		{22878CCB-5EAA-6260-5DB0-666A16FE89FD}.Release|Any CPU.Build.0 = Release|Any CPU
		{779820D0-A4E7-D905-33D3-E8501A1AA998}.Debug|Any CPU.ActiveCfg = Debug|Any CPU
		{779820D0-A4E7-D905-33D3-E8501A1AA998}.Debug|Any CPU.Build.0 = Debug|Any CPU
		{779820D0-A4E7-D905-33D3-E8501A1AA998}.Release|Any CPU.ActiveCfg = Release|Any CPU
		{779820D0-A4E7-D905-33D3-E8501A1AA998}.Release|Any CPU.Build.0 = Release|Any CPU
		{6A4C5DB1-BE2E-5670-D391-63F4DD29520A}.Debug|Any CPU.ActiveCfg = Debug|Any CPU
		{6A4C5DB1-BE2E-5670-D391-63F4DD29520A}.Debug|Any CPU.Build.0 = Debug|Any CPU
		{6A4C5DB1-BE2E-5670-D391-63F4DD29520A}.Release|Any CPU.ActiveCfg = Release|Any CPU
		{6A4C5DB1-BE2E-5670-D391-63F4DD29520A}.Release|Any CPU.Build.0 = Release|Any CPU
		{2EA83E2D-B055-29A0-D452-8FB72E22F464}.Debug|Any CPU.ActiveCfg = Debug|Any CPU
		{2EA83E2D-B055-29A0-D452-8FB72E22F464}.Debug|Any CPU.Build.0 = Debug|Any CPU
		{2EA83E2D-B055-29A0-D452-8FB72E22F464}.Release|Any CPU.ActiveCfg = Release|Any CPU
		{2EA83E2D-B055-29A0-D452-8FB72E22F464}.Release|Any CPU.Build.0 = Release|Any CPU
		{26543CD8-8349-FFF5-202D-96465F37287A}.Debug|Any CPU.ActiveCfg = Debug|Any CPU
		{26543CD8-8349-FFF5-202D-96465F37287A}.Debug|Any CPU.Build.0 = Debug|Any CPU
		{26543CD8-8349-FFF5-202D-96465F37287A}.Release|Any CPU.ActiveCfg = Release|Any CPU
		{26543CD8-8349-FFF5-202D-96465F37287A}.Release|Any CPU.Build.0 = Release|Any CPU
		{9C44FA78-891F-68F3-2829-BB9BA89E493D}.Debug|Any CPU.ActiveCfg = Debug|Any CPU
		{9C44FA78-891F-68F3-2829-BB9BA89E493D}.Debug|Any CPU.Build.0 = Debug|Any CPU
		{9C44FA78-891F-68F3-2829-BB9BA89E493D}.Release|Any CPU.ActiveCfg = Release|Any CPU
		{9C44FA78-891F-68F3-2829-BB9BA89E493D}.Release|Any CPU.Build.0 = Release|Any CPU
		{D1B6122F-19E1-45B9-D0EE-31AC84CC3E44}.Debug|Any CPU.ActiveCfg = Debug|Any CPU
		{D1B6122F-19E1-45B9-D0EE-31AC84CC3E44}.Debug|Any CPU.Build.0 = Debug|Any CPU
		{D1B6122F-19E1-45B9-D0EE-31AC84CC3E44}.Release|Any CPU.ActiveCfg = Release|Any CPU
		{D1B6122F-19E1-45B9-D0EE-31AC84CC3E44}.Release|Any CPU.Build.0 = Release|Any CPU
	EndGlobalSection
	GlobalSection(SolutionProperties) = preSolution
		HideSolutionNode = FALSE
	EndGlobalSection
EndGlobal
